// !$*UTF8*$!
{
	archiveVersion = 1;
	classes = {
	};
	objectVersion = 55;
	objects = {

/* Begin PBXBuildFile section */
		F234168F27EDBB6D009F296D /* StripePay.swift in Sources */ = {isa = PBXBuildFile; fileRef = F234168E27EDBB6D009F296D /* StripePay.swift */; };
		F24C59BD27E7377900495E79 /* SignInView.swift in Sources */ = {isa = PBXBuildFile; fileRef = F24C59BC27E7377900495E79 /* SignInView.swift */; };
		F24C59BF27E738A100495E79 /* SignUpView.swift in Sources */ = {isa = PBXBuildFile; fileRef = F24C59BE27E738A100495E79 /* SignUpView.swift */; };
		F258191C27DD9D34000F74FA /* GoogleSignIn in Frameworks */ = {isa = PBXBuildFile; productRef = F258191B27DD9D34000F74FA /* GoogleSignIn */; };
		F258191F27DD9E32000F74FA /* FirebaseAnalytics in Frameworks */ = {isa = PBXBuildFile; productRef = F258191E27DD9E32000F74FA /* FirebaseAnalytics */; };
		F258192127DD9E32000F74FA /* FirebaseAuth in Frameworks */ = {isa = PBXBuildFile; productRef = F258192027DD9E32000F74FA /* FirebaseAuth */; };
		F258192327DD9E32000F74FA /* FirebaseFirestore in Frameworks */ = {isa = PBXBuildFile; productRef = F258192227DD9E32000F74FA /* FirebaseFirestore */; };
		F26DF7E527A1B22F00AC0555 /* GoogleSignInAuthenticator.swift in Sources */ = {isa = PBXBuildFile; fileRef = F26DF7E427A1B22F00AC0555 /* GoogleSignInAuthenticator.swift */; };
		F26DF7E727A1B29C00AC0555 /* GoogleSignInButtonWrapper.swift in Sources */ = {isa = PBXBuildFile; fileRef = F26DF7E627A1B29C00AC0555 /* GoogleSignInButtonWrapper.swift */; };
		F26DF7E927A1B36000AC0555 /* AuthenticationViewModel.swift in Sources */ = {isa = PBXBuildFile; fileRef = F26DF7E827A1B36000AC0555 /* AuthenticationViewModel.swift */; };
		F26DF7EB27A1B80900AC0555 /* ProfileImageView.swift in Sources */ = {isa = PBXBuildFile; fileRef = F26DF7EA27A1B80900AC0555 /* ProfileImageView.swift */; };
		F26DF7ED27A1B89E00AC0555 /* ProfileImageLoader.swift in Sources */ = {isa = PBXBuildFile; fileRef = F26DF7EC27A1B89E00AC0555 /* ProfileImageLoader.swift */; };
		F271259E27CD2F9F002769D4 /* SchedulerView.swift in Sources */ = {isa = PBXBuildFile; fileRef = F271259D27CD2F9F002769D4 /* SchedulerView.swift */; };
		F27125A027CDBBDD002769D4 /* SchedulerModel.swift in Sources */ = {isa = PBXBuildFile; fileRef = F271259F27CDBBDD002769D4 /* SchedulerModel.swift */; };
		F281D35027E3F32100CB1444 /* WelcomeTitle.swift in Sources */ = {isa = PBXBuildFile; fileRef = F281D34F27E3F32100CB1444 /* WelcomeTitle.swift */; };
		F281D35227E492F200CB1444 /* WelcomePageEntry.swift in Sources */ = {isa = PBXBuildFile; fileRef = F281D35127E492F200CB1444 /* WelcomePageEntry.swift */; };
		F286D33827E2E4530025BB9F /* Profile.swift in Sources */ = {isa = PBXBuildFile; fileRef = F286D33327E2E4530025BB9F /* Profile.swift */; };
		F286D33B27E2E4530025BB9F /* Page.swift in Sources */ = {isa = PBXBuildFile; fileRef = F286D33627E2E4530025BB9F /* Page.swift */; };
		F286D3A627E01ACA00D9B3FB /* WelcomeView.swift in Sources */ = {isa = PBXBuildFile; fileRef = F286D3A527E01ACA00D9B3FB /* WelcomeView.swift */; };
		F286D3A927E0203500D9B3FB /* WelcomePage.swift in Sources */ = {isa = PBXBuildFile; fileRef = F286D3A827E0203500D9B3FB /* WelcomePage.swift */; };
		F29642B927A69AE800E10FD7 /* GoogleService-Info.plist in Resources */ = {isa = PBXBuildFile; fileRef = F29642B827A69AE800E10FD7 /* GoogleService-Info.plist */; };
		F29642BC27AD216600E10FD7 /* FirestoreManager.swift in Sources */ = {isa = PBXBuildFile; fileRef = F29642BB27AD216600E10FD7 /* FirestoreManager.swift */; };
		F29642E127B2F50D00E10FD7 /* FirestoreLoader.swift in Sources */ = {isa = PBXBuildFile; fileRef = F29642E027B2F50D00E10FD7 /* FirestoreLoader.swift */; };
		F29CF8F027E5B7AB0089F934 /* MenuView.swift in Sources */ = {isa = PBXBuildFile; fileRef = F29CF8EF27E5B7AB0089F934 /* MenuView.swift */; };
		F29CF8F827E5BFF70089F934 /* Rajdhani-Medium.ttf in Resources */ = {isa = PBXBuildFile; fileRef = F29CF8F227E5BFF70089F934 /* Rajdhani-Medium.ttf */; };
		F29CF8F927E5BFF70089F934 /* Rajdhani-SemiBold.ttf in Resources */ = {isa = PBXBuildFile; fileRef = F29CF8F327E5BFF70089F934 /* Rajdhani-SemiBold.ttf */; };
		F29CF8FA27E5BFF70089F934 /* Rajdhani-Light.ttf in Resources */ = {isa = PBXBuildFile; fileRef = F29CF8F427E5BFF70089F934 /* Rajdhani-Light.ttf */; };
		F29CF8FB27E5BFF70089F934 /* Rajdhani-Bold.ttf in Resources */ = {isa = PBXBuildFile; fileRef = F29CF8F527E5BFF70089F934 /* Rajdhani-Bold.ttf */; };
		F29CF8FC27E5BFF70089F934 /* OFL.txt in Resources */ = {isa = PBXBuildFile; fileRef = F29CF8F627E5BFF70089F934 /* OFL.txt */; };
		F29CF8FD27E5BFF70089F934 /* Rajdhani-Regular.ttf in Resources */ = {isa = PBXBuildFile; fileRef = F29CF8F727E5BFF70089F934 /* Rajdhani-Regular.ttf */; };
		F29CF90127E5C01E0089F934 /* BebasNeue-Regular.ttf in Resources */ = {isa = PBXBuildFile; fileRef = F29CF8FF27E5C01E0089F934 /* BebasNeue-Regular.ttf */; };
		F2A15A2827A16DC20019B934 /* AppDelegate.swift in Sources */ = {isa = PBXBuildFile; fileRef = F2A15A2727A16DC20019B934 /* AppDelegate.swift */; };
		F2B03D5727DDE4E300A1E04F /* FirestorePay.swift in Sources */ = {isa = PBXBuildFile; fileRef = F2B03D5627DDE4E300A1E04F /* FirestorePay.swift */; };
		F2B03D5A27DDE63000A1E04F /* Stripe in Frameworks */ = {isa = PBXBuildFile; productRef = F2B03D5927DDE63000A1E04F /* Stripe */; };
		F2B03D5C27DDE63000A1E04F /* StripeApplePay in Frameworks */ = {isa = PBXBuildFile; productRef = F2B03D5B27DDE63000A1E04F /* StripeApplePay */; };
		F2B03D5E27DDF10900A1E04F /* FirestorePayModel.swift in Sources */ = {isa = PBXBuildFile; fileRef = F2B03D5D27DDF10900A1E04F /* FirestorePayModel.swift */; };
		F2D198FA27B65121007770A4 /* Animator.swift in Sources */ = {isa = PBXBuildFile; fileRef = F2D198F927B65121007770A4 /* Animator.swift */; };
		F2E3385127955C9F006044E0 /* fmfitnessApp.swift in Sources */ = {isa = PBXBuildFile; fileRef = F2E3385027955C9F006044E0 /* fmfitnessApp.swift */; };
		F2E3385327955C9F006044E0 /* HomeView.swift in Sources */ = {isa = PBXBuildFile; fileRef = F2E3385227955C9F006044E0 /* HomeView.swift */; };
		F2E3385527955CA0006044E0 /* Assets.xcassets in Resources */ = {isa = PBXBuildFile; fileRef = F2E3385427955CA0006044E0 /* Assets.xcassets */; };
		F2E3385827955CA0006044E0 /* Preview Assets.xcassets in Resources */ = {isa = PBXBuildFile; fileRef = F2E3385727955CA0006044E0 /* Preview Assets.xcassets */; };
		F2E3386C27955CA0006044E0 /* fmfitnessUITests.swift in Sources */ = {isa = PBXBuildFile; fileRef = F2E3386B27955CA0006044E0 /* fmfitnessUITests.swift */; };
		F2E3386E27955CA0006044E0 /* fmfitnessUITestsLaunchTests.swift in Sources */ = {isa = PBXBuildFile; fileRef = F2E3386D27955CA0006044E0 /* fmfitnessUITestsLaunchTests.swift */; };
		F2F104B82796B3B80065A966 /* CircleImage.swift in Sources */ = {isa = PBXBuildFile; fileRef = F2F104B72796B3B80065A966 /* CircleImage.swift */; };
		F2F104C92796B4D90065A966 /* CategoryHome.swift in Sources */ = {isa = PBXBuildFile; fileRef = F2F104C82796B4D90065A966 /* CategoryHome.swift */; };
		F2F104DF2797F0770065A966 /* ProfileHost.swift in Sources */ = {isa = PBXBuildFile; fileRef = F2F104DE2797F0770065A966 /* ProfileHost.swift */; };
		F2F104E12797F09D0065A966 /* ProfileSummary.swift in Sources */ = {isa = PBXBuildFile; fileRef = F2F104E02797F09D0065A966 /* ProfileSummary.swift */; };
		F2F104E52798029D0065A966 /* ProfileEditor.swift in Sources */ = {isa = PBXBuildFile; fileRef = F2F104E42798029D0065A966 /* ProfileEditor.swift */; };
		F2F104F227981DAB0065A966 /* SignInPage.swift in Sources */ = {isa = PBXBuildFile; fileRef = F2F104F127981DAB0065A966 /* SignInPage.swift */; };
		F2F10500279851830065A966 /* SignUpPage.swift in Sources */ = {isa = PBXBuildFile; fileRef = F2F104FF279851830065A966 /* SignUpPage.swift */; };
		F2F105062798A69D0065A966 /* ContentView.swift in Sources */ = {isa = PBXBuildFile; fileRef = F2F105052798A69D0065A966 /* ContentView.swift */; };
		F2FC68C027C4B0A100570FE7 /* ProfileTests.swift in Sources */ = {isa = PBXBuildFile; fileRef = F2A80F9827C04A2200A1533C /* ProfileTests.swift */; };
		F2FC68C227C4B0B300570FE7 /* LoginTests.swift in Sources */ = {isa = PBXBuildFile; fileRef = F2FC68C127C4B0B300570FE7 /* LoginTests.swift */; };
/* End PBXBuildFile section */

/* Begin PBXContainerItemProxy section */
		F2A80F9A27C04A2200A1533C /* PBXContainerItemProxy */ = {
			isa = PBXContainerItemProxy;
			containerPortal = F2E3384527955C9F006044E0 /* Project object */;
			proxyType = 1;
			remoteGlobalIDString = F2E3384C27955C9F006044E0;
			remoteInfo = fmfitness;
		};
		F2E3385E27955CA0006044E0 /* PBXContainerItemProxy */ = {
			isa = PBXContainerItemProxy;
			containerPortal = F2E3384527955C9F006044E0 /* Project object */;
			proxyType = 1;
			remoteGlobalIDString = F2E3384C27955C9F006044E0;
			remoteInfo = fmfitness;
		};
		F2E3386827955CA0006044E0 /* PBXContainerItemProxy */ = {
			isa = PBXContainerItemProxy;
			containerPortal = F2E3384527955C9F006044E0 /* Project object */;
			proxyType = 1;
			remoteGlobalIDString = F2E3384C27955C9F006044E0;
			remoteInfo = fmfitness;
		};
/* End PBXContainerItemProxy section */

/* Begin PBXFileReference section */
		F234168E27EDBB6D009F296D /* StripePay.swift */ = {isa = PBXFileReference; lastKnownFileType = sourcecode.swift; path = StripePay.swift; sourceTree = "<group>"; };
		F24C59BC27E7377900495E79 /* SignInView.swift */ = {isa = PBXFileReference; lastKnownFileType = sourcecode.swift; path = SignInView.swift; sourceTree = "<group>"; };
		F24C59BE27E738A100495E79 /* SignUpView.swift */ = {isa = PBXFileReference; lastKnownFileType = sourcecode.swift; path = SignUpView.swift; sourceTree = "<group>"; };
		F26DF7E427A1B22F00AC0555 /* GoogleSignInAuthenticator.swift */ = {isa = PBXFileReference; lastKnownFileType = sourcecode.swift; path = GoogleSignInAuthenticator.swift; sourceTree = "<group>"; };
		F26DF7E627A1B29C00AC0555 /* GoogleSignInButtonWrapper.swift */ = {isa = PBXFileReference; lastKnownFileType = sourcecode.swift; path = GoogleSignInButtonWrapper.swift; sourceTree = "<group>"; };
		F26DF7E827A1B36000AC0555 /* AuthenticationViewModel.swift */ = {isa = PBXFileReference; lastKnownFileType = sourcecode.swift; path = AuthenticationViewModel.swift; sourceTree = "<group>"; };
		F26DF7EA27A1B80900AC0555 /* ProfileImageView.swift */ = {isa = PBXFileReference; lastKnownFileType = sourcecode.swift; path = ProfileImageView.swift; sourceTree = "<group>"; };
		F26DF7EC27A1B89E00AC0555 /* ProfileImageLoader.swift */ = {isa = PBXFileReference; lastKnownFileType = sourcecode.swift; path = ProfileImageLoader.swift; sourceTree = "<group>"; };
		F271259D27CD2F9F002769D4 /* SchedulerView.swift */ = {isa = PBXFileReference; lastKnownFileType = sourcecode.swift; path = SchedulerView.swift; sourceTree = "<group>"; };
		F271259F27CDBBDD002769D4 /* SchedulerModel.swift */ = {isa = PBXFileReference; lastKnownFileType = sourcecode.swift; path = SchedulerModel.swift; sourceTree = "<group>"; };
		F281D34F27E3F32100CB1444 /* WelcomeTitle.swift */ = {isa = PBXFileReference; lastKnownFileType = sourcecode.swift; path = WelcomeTitle.swift; sourceTree = "<group>"; };
		F281D35127E492F200CB1444 /* WelcomePageEntry.swift */ = {isa = PBXFileReference; lastKnownFileType = sourcecode.swift; path = WelcomePageEntry.swift; sourceTree = "<group>"; };
		F286D33327E2E4530025BB9F /* Profile.swift */ = {isa = PBXFileReference; fileEncoding = 4; lastKnownFileType = sourcecode.swift; path = Profile.swift; sourceTree = "<group>"; };
		F286D33627E2E4530025BB9F /* Page.swift */ = {isa = PBXFileReference; fileEncoding = 4; lastKnownFileType = sourcecode.swift; path = Page.swift; sourceTree = "<group>"; };
		F286D33F27E2F7960025BB9F /* Info.plist */ = {isa = PBXFileReference; fileEncoding = 4; lastKnownFileType = text.plist.xml; name = Info.plist; path = fmfitness/Resources/Properties/Info.plist; sourceTree = SOURCE_ROOT; };
		F286D3A527E01ACA00D9B3FB /* WelcomeView.swift */ = {isa = PBXFileReference; lastKnownFileType = sourcecode.swift; path = WelcomeView.swift; sourceTree = "<group>"; };
		F286D3A827E0203500D9B3FB /* WelcomePage.swift */ = {isa = PBXFileReference; lastKnownFileType = sourcecode.swift; path = WelcomePage.swift; sourceTree = "<group>"; };
		F29642B827A69AE800E10FD7 /* GoogleService-Info.plist */ = {isa = PBXFileReference; lastKnownFileType = text.plist.xml; name = "GoogleService-Info.plist"; path = "fmfitness/Resources/Properties/GoogleService-Info.plist"; sourceTree = SOURCE_ROOT; };
		F29642BB27AD216600E10FD7 /* FirestoreManager.swift */ = {isa = PBXFileReference; lastKnownFileType = sourcecode.swift; path = FirestoreManager.swift; sourceTree = "<group>"; };
		F29642E027B2F50D00E10FD7 /* FirestoreLoader.swift */ = {isa = PBXFileReference; lastKnownFileType = sourcecode.swift; path = FirestoreLoader.swift; sourceTree = "<group>"; };
		F29CF8EF27E5B7AB0089F934 /* MenuView.swift */ = {isa = PBXFileReference; lastKnownFileType = sourcecode.swift; path = MenuView.swift; sourceTree = "<group>"; };
		F29CF8F227E5BFF70089F934 /* Rajdhani-Medium.ttf */ = {isa = PBXFileReference; lastKnownFileType = file; path = "Rajdhani-Medium.ttf"; sourceTree = "<group>"; };
		F29CF8F327E5BFF70089F934 /* Rajdhani-SemiBold.ttf */ = {isa = PBXFileReference; lastKnownFileType = file; path = "Rajdhani-SemiBold.ttf"; sourceTree = "<group>"; };
		F29CF8F427E5BFF70089F934 /* Rajdhani-Light.ttf */ = {isa = PBXFileReference; lastKnownFileType = file; path = "Rajdhani-Light.ttf"; sourceTree = "<group>"; };
		F29CF8F527E5BFF70089F934 /* Rajdhani-Bold.ttf */ = {isa = PBXFileReference; lastKnownFileType = file; path = "Rajdhani-Bold.ttf"; sourceTree = "<group>"; };
		F29CF8F627E5BFF70089F934 /* OFL.txt */ = {isa = PBXFileReference; fileEncoding = 4; lastKnownFileType = text; path = OFL.txt; sourceTree = "<group>"; };
		F29CF8F727E5BFF70089F934 /* Rajdhani-Regular.ttf */ = {isa = PBXFileReference; lastKnownFileType = file; path = "Rajdhani-Regular.ttf"; sourceTree = "<group>"; };
		F29CF8FF27E5C01E0089F934 /* BebasNeue-Regular.ttf */ = {isa = PBXFileReference; lastKnownFileType = file; path = "BebasNeue-Regular.ttf"; sourceTree = "<group>"; };
		F2A15A2727A16DC20019B934 /* AppDelegate.swift */ = {isa = PBXFileReference; lastKnownFileType = sourcecode.swift; path = AppDelegate.swift; sourceTree = "<group>"; };
		F2A80F9627C04A2200A1533C /* ProfileTests.xctest */ = {isa = PBXFileReference; explicitFileType = wrapper.cfbundle; includeInIndex = 0; path = ProfileTests.xctest; sourceTree = BUILT_PRODUCTS_DIR; };
		F2A80F9827C04A2200A1533C /* ProfileTests.swift */ = {isa = PBXFileReference; lastKnownFileType = sourcecode.swift; path = ProfileTests.swift; sourceTree = "<group>"; };
		F2B03D5627DDE4E300A1E04F /* FirestorePay.swift */ = {isa = PBXFileReference; lastKnownFileType = sourcecode.swift; path = FirestorePay.swift; sourceTree = "<group>"; };
		F2B03D5D27DDF10900A1E04F /* FirestorePayModel.swift */ = {isa = PBXFileReference; lastKnownFileType = sourcecode.swift; path = FirestorePayModel.swift; sourceTree = "<group>"; };
		F2D198F927B65121007770A4 /* Animator.swift */ = {isa = PBXFileReference; lastKnownFileType = sourcecode.swift; path = Animator.swift; sourceTree = "<group>"; };
		F2E3384D27955C9F006044E0 /* fmfitness.app */ = {isa = PBXFileReference; explicitFileType = wrapper.application; includeInIndex = 0; path = fmfitness.app; sourceTree = BUILT_PRODUCTS_DIR; };
		F2E3385027955C9F006044E0 /* fmfitnessApp.swift */ = {isa = PBXFileReference; lastKnownFileType = sourcecode.swift; path = fmfitnessApp.swift; sourceTree = "<group>"; };
		F2E3385227955C9F006044E0 /* HomeView.swift */ = {isa = PBXFileReference; lastKnownFileType = sourcecode.swift; path = HomeView.swift; sourceTree = "<group>"; };
		F2E3385427955CA0006044E0 /* Assets.xcassets */ = {isa = PBXFileReference; lastKnownFileType = folder.assetcatalog; path = Assets.xcassets; sourceTree = "<group>"; };
		F2E3385727955CA0006044E0 /* Preview Assets.xcassets */ = {isa = PBXFileReference; lastKnownFileType = folder.assetcatalog; path = "Preview Assets.xcassets"; sourceTree = "<group>"; };
		F2E3385D27955CA0006044E0 /* fmfitnessTests.xctest */ = {isa = PBXFileReference; explicitFileType = wrapper.cfbundle; includeInIndex = 0; path = fmfitnessTests.xctest; sourceTree = BUILT_PRODUCTS_DIR; };
		F2E3386727955CA0006044E0 /* fmfitnessUITests.xctest */ = {isa = PBXFileReference; explicitFileType = wrapper.cfbundle; includeInIndex = 0; path = fmfitnessUITests.xctest; sourceTree = BUILT_PRODUCTS_DIR; };
		F2E3386B27955CA0006044E0 /* fmfitnessUITests.swift */ = {isa = PBXFileReference; lastKnownFileType = sourcecode.swift; path = fmfitnessUITests.swift; sourceTree = "<group>"; };
		F2E3386D27955CA0006044E0 /* fmfitnessUITestsLaunchTests.swift */ = {isa = PBXFileReference; lastKnownFileType = sourcecode.swift; path = fmfitnessUITestsLaunchTests.swift; sourceTree = "<group>"; };
		F2F104B72796B3B80065A966 /* CircleImage.swift */ = {isa = PBXFileReference; lastKnownFileType = sourcecode.swift; path = CircleImage.swift; sourceTree = "<group>"; };
		F2F104C82796B4D90065A966 /* CategoryHome.swift */ = {isa = PBXFileReference; lastKnownFileType = sourcecode.swift; path = CategoryHome.swift; sourceTree = "<group>"; };
		F2F104DE2797F0770065A966 /* ProfileHost.swift */ = {isa = PBXFileReference; lastKnownFileType = sourcecode.swift; path = ProfileHost.swift; sourceTree = "<group>"; };
		F2F104E02797F09D0065A966 /* ProfileSummary.swift */ = {isa = PBXFileReference; lastKnownFileType = sourcecode.swift; path = ProfileSummary.swift; sourceTree = "<group>"; };
		F2F104E42798029D0065A966 /* ProfileEditor.swift */ = {isa = PBXFileReference; lastKnownFileType = sourcecode.swift; path = ProfileEditor.swift; sourceTree = "<group>"; };
		F2F104F127981DAB0065A966 /* SignInPage.swift */ = {isa = PBXFileReference; lastKnownFileType = sourcecode.swift; path = SignInPage.swift; sourceTree = "<group>"; };
		F2F104FF279851830065A966 /* SignUpPage.swift */ = {isa = PBXFileReference; lastKnownFileType = sourcecode.swift; path = SignUpPage.swift; sourceTree = "<group>"; };
		F2F105052798A69D0065A966 /* ContentView.swift */ = {isa = PBXFileReference; lastKnownFileType = sourcecode.swift; path = ContentView.swift; sourceTree = "<group>"; };
		F2FC68C127C4B0B300570FE7 /* LoginTests.swift */ = {isa = PBXFileReference; lastKnownFileType = sourcecode.swift; path = LoginTests.swift; sourceTree = "<group>"; };
/* End PBXFileReference section */

/* Begin PBXFrameworksBuildPhase section */
		F2A80F9327C04A2200A1533C /* Frameworks */ = {
			isa = PBXFrameworksBuildPhase;
			buildActionMask = 2147483647;
			files = (
			);
			runOnlyForDeploymentPostprocessing = 0;
		};
		F2E3384A27955C9F006044E0 /* Frameworks */ = {
			isa = PBXFrameworksBuildPhase;
			buildActionMask = 2147483647;
			files = (
				F2B03D5A27DDE63000A1E04F /* Stripe in Frameworks */,
				F258191F27DD9E32000F74FA /* FirebaseAnalytics in Frameworks */,
				F258192327DD9E32000F74FA /* FirebaseFirestore in Frameworks */,
				F2B03D5C27DDE63000A1E04F /* StripeApplePay in Frameworks */,
				F258192127DD9E32000F74FA /* FirebaseAuth in Frameworks */,
				F258191C27DD9D34000F74FA /* GoogleSignIn in Frameworks */,
			);
			runOnlyForDeploymentPostprocessing = 0;
		};
		F2E3385A27955CA0006044E0 /* Frameworks */ = {
			isa = PBXFrameworksBuildPhase;
			buildActionMask = 2147483647;
			files = (
			);
			runOnlyForDeploymentPostprocessing = 0;
		};
		F2E3386427955CA0006044E0 /* Frameworks */ = {
			isa = PBXFrameworksBuildPhase;
			buildActionMask = 2147483647;
			files = (
			);
			runOnlyForDeploymentPostprocessing = 0;
		};
/* End PBXFrameworksBuildPhase section */

/* Begin PBXGroup section */
		F231C49B27DFDD040057D006 /* Fonts */ = {
			isa = PBXGroup;
			children = (
				F29CF8F627E5BFF70089F934 /* OFL.txt */,
				F29CF8FE27E5C01E0089F934 /* Bebas_Neue */,
				F29CF8F127E5BFF70089F934 /* Rajdhani */,
			);
			path = Fonts;
			sourceTree = "<group>";
		};
		F234168D27EDBB5C009F296D /* Stripe */ = {
			isa = PBXGroup;
			children = (
				F234168E27EDBB6D009F296D /* StripePay.swift */,
			);
			path = Stripe;
			sourceTree = "<group>";
		};
		F271259C27CD12DE002769D4 /* Scheduler */ = {
			isa = PBXGroup;
			children = (
				F271259D27CD2F9F002769D4 /* SchedulerView.swift */,
				F271259F27CDBBDD002769D4 /* SchedulerModel.swift */,
			);
			path = Scheduler;
			sourceTree = "<group>";
		};
		F286D33227E2E4530025BB9F /* Model */ = {
			isa = PBXGroup;
			children = (
				F286D33327E2E4530025BB9F /* Profile.swift */,
				F286D33627E2E4530025BB9F /* Page.swift */,
			);
			path = Model;
			sourceTree = "<group>";
		};
		F286D3A727E0200E00D9B3FB /* Welcome */ = {
			isa = PBXGroup;
			children = (
				F286D3A527E01ACA00D9B3FB /* WelcomeView.swift */,
				F286D3A827E0203500D9B3FB /* WelcomePage.swift */,
				F281D34F27E3F32100CB1444 /* WelcomeTitle.swift */,
				F281D35127E492F200CB1444 /* WelcomePageEntry.swift */,
			);
			path = Welcome;
			sourceTree = "<group>";
		};
		F286D3B127E1952F00D9B3FB /* Properties */ = {
			isa = PBXGroup;
			children = (
				F286D33F27E2F7960025BB9F /* Info.plist */,
				F29642B827A69AE800E10FD7 /* GoogleService-Info.plist */,
			);
			path = Properties;
			sourceTree = "<group>";
		};
		F29642DF27B2F3C300E10FD7 /* Firestore */ = {
			isa = PBXGroup;
			children = (
				F29642BB27AD216600E10FD7 /* FirestoreManager.swift */,
				F29642E027B2F50D00E10FD7 /* FirestoreLoader.swift */,
				F2B03D5627DDE4E300A1E04F /* FirestorePay.swift */,
				F2B03D5D27DDF10900A1E04F /* FirestorePayModel.swift */,
			);
			path = Firestore;
			sourceTree = "<group>";
		};
		F29CF8F127E5BFF70089F934 /* Rajdhani */ = {
			isa = PBXGroup;
			children = (
				F29CF8F227E5BFF70089F934 /* Rajdhani-Medium.ttf */,
				F29CF8F327E5BFF70089F934 /* Rajdhani-SemiBold.ttf */,
				F29CF8F427E5BFF70089F934 /* Rajdhani-Light.ttf */,
				F29CF8F527E5BFF70089F934 /* Rajdhani-Bold.ttf */,
				F29CF8F727E5BFF70089F934 /* Rajdhani-Regular.ttf */,
			);
			path = Rajdhani;
			sourceTree = "<group>";
		};
		F29CF8FE27E5C01E0089F934 /* Bebas_Neue */ = {
			isa = PBXGroup;
			children = (
				F29CF8FF27E5C01E0089F934 /* BebasNeue-Regular.ttf */,
			);
			path = Bebas_Neue;
			sourceTree = "<group>";
		};
		F2D198EE27B6504B007770A4 /* Utility */ = {
			isa = PBXGroup;
			children = (
				F2D198F827B650F1007770A4 /* TransitionAnimators */,
			);
			path = Utility;
			sourceTree = "<group>";
		};
		F2D198F827B650F1007770A4 /* TransitionAnimators */ = {
			isa = PBXGroup;
			children = (
				F2D198F927B65121007770A4 /* Animator.swift */,
			);
			path = TransitionAnimators;
			sourceTree = "<group>";
		};
		F2E3384427955C9F006044E0 = {
			isa = PBXGroup;
			children = (
				F2E3384F27955C9F006044E0 /* fmfitness */,
				F2E3386027955CA0006044E0 /* fmfitnessTests */,
				F2E3386A27955CA0006044E0 /* fmfitnessUITests */,
				F2E3384E27955C9F006044E0 /* Products */,
			);
			sourceTree = "<group>";
		};
		F2E3384E27955C9F006044E0 /* Products */ = {
			isa = PBXGroup;
			children = (
				F2E3384D27955C9F006044E0 /* fmfitness.app */,
				F2E3385D27955CA0006044E0 /* fmfitnessTests.xctest */,
				F2E3386727955CA0006044E0 /* fmfitnessUITests.xctest */,
				F2A80F9627C04A2200A1533C /* ProfileTests.xctest */,
			);
			name = Products;
			sourceTree = "<group>";
		};
		F2E3384F27955C9F006044E0 /* fmfitness */ = {
			isa = PBXGroup;
			children = (
				F2A15A2727A16DC20019B934 /* AppDelegate.swift */,
				F2E3385027955C9F006044E0 /* fmfitnessApp.swift */,
				F2F105052798A69D0065A966 /* ContentView.swift */,
				F2E3385227955C9F006044E0 /* HomeView.swift */,
				F2E3385427955CA0006044E0 /* Assets.xcassets */,
				F2E3387A27956AD2006044E0 /* Views */,
				F2F104AA2796AFE20065A966 /* Resources */,
				F2E3385627955CA0006044E0 /* Preview Content */,
			);
			path = fmfitness;
			sourceTree = "<group>";
		};
		F2E3385627955CA0006044E0 /* Preview Content */ = {
			isa = PBXGroup;
			children = (
				F2E3385727955CA0006044E0 /* Preview Assets.xcassets */,
			);
			path = "Preview Content";
			sourceTree = "<group>";
		};
		F2E3386027955CA0006044E0 /* fmfitnessTests */ = {
			isa = PBXGroup;
			children = (
				F2A80F9827C04A2200A1533C /* ProfileTests.swift */,
				F2FC68C127C4B0B300570FE7 /* LoginTests.swift */,
			);
			path = fmfitnessTests;
			sourceTree = "<group>";
		};
		F2E3386A27955CA0006044E0 /* fmfitnessUITests */ = {
			isa = PBXGroup;
			children = (
				F2E3386B27955CA0006044E0 /* fmfitnessUITests.swift */,
				F2E3386D27955CA0006044E0 /* fmfitnessUITestsLaunchTests.swift */,
			);
			path = fmfitnessUITests;
			sourceTree = "<group>";
		};
		F2E3387A27956AD2006044E0 /* Views */ = {
			isa = PBXGroup;
			children = (
				F234168D27EDBB5C009F296D /* Stripe */,
				F286D3A727E0200E00D9B3FB /* Welcome */,
				F271259C27CD12DE002769D4 /* Scheduler */,
				F2F104F027981D8D0065A966 /* Authentication */,
				F29642DF27B2F3C300E10FD7 /* Firestore */,
				F2F104DD2797F0530065A966 /* Profiles */,
				F2F104C72796B4BE0065A966 /* Categories */,
				F2F104B62796B3740065A966 /* Helpers */,
			);
			path = Views;
			sourceTree = "<group>";
		};
		F2F104AA2796AFE20065A966 /* Resources */ = {
			isa = PBXGroup;
			children = (
				F286D3B127E1952F00D9B3FB /* Properties */,
				F231C49B27DFDD040057D006 /* Fonts */,
				F286D33227E2E4530025BB9F /* Model */,
				F2D198EE27B6504B007770A4 /* Utility */,
			);
			path = Resources;
			sourceTree = "<group>";
		};
		F2F104B62796B3740065A966 /* Helpers */ = {
			isa = PBXGroup;
			children = (
				F2F104B72796B3B80065A966 /* CircleImage.swift */,
				F29CF8EF27E5B7AB0089F934 /* MenuView.swift */,
			);
			path = Helpers;
			sourceTree = "<group>";
		};
		F2F104C72796B4BE0065A966 /* Categories */ = {
			isa = PBXGroup;
			children = (
				F2F104C82796B4D90065A966 /* CategoryHome.swift */,
			);
			path = Categories;
			sourceTree = "<group>";
		};
		F2F104DD2797F0530065A966 /* Profiles */ = {
			isa = PBXGroup;
			children = (
				F2F104DE2797F0770065A966 /* ProfileHost.swift */,
				F2F104E02797F09D0065A966 /* ProfileSummary.swift */,
				F2F104E42798029D0065A966 /* ProfileEditor.swift */,
				F26DF7EA27A1B80900AC0555 /* ProfileImageView.swift */,
				F26DF7EC27A1B89E00AC0555 /* ProfileImageLoader.swift */,
			);
			path = Profiles;
			sourceTree = "<group>";
		};
		F2F104F027981D8D0065A966 /* Authentication */ = {
			isa = PBXGroup;
			children = (
				F26DF7E427A1B22F00AC0555 /* GoogleSignInAuthenticator.swift */,
				F26DF7E627A1B29C00AC0555 /* GoogleSignInButtonWrapper.swift */,
				F26DF7E827A1B36000AC0555 /* AuthenticationViewModel.swift */,
				F2F104FF279851830065A966 /* SignUpPage.swift */,
				F2F104F127981DAB0065A966 /* SignInPage.swift */,
				F24C59BC27E7377900495E79 /* SignInView.swift */,
				F24C59BE27E738A100495E79 /* SignUpView.swift */,
			);
			path = Authentication;
			sourceTree = "<group>";
		};
/* End PBXGroup section */

/* Begin PBXNativeTarget section */
		F2A80F9527C04A2200A1533C /* ProfileTests */ = {
			isa = PBXNativeTarget;
			buildConfigurationList = F2A80F9E27C04A2200A1533C /* Build configuration list for PBXNativeTarget "ProfileTests" */;
			buildPhases = (
				F2A80F9227C04A2200A1533C /* Sources */,
				F2A80F9327C04A2200A1533C /* Frameworks */,
				F2A80F9427C04A2200A1533C /* Resources */,
			);
			buildRules = (
			);
			dependencies = (
				F2A80F9B27C04A2200A1533C /* PBXTargetDependency */,
			);
			name = ProfileTests;
			productName = ProfileTests;
			productReference = F2A80F9627C04A2200A1533C /* ProfileTests.xctest */;
			productType = "com.apple.product-type.bundle.unit-test";
		};
		F2E3384C27955C9F006044E0 /* fmfitness */ = {
			isa = PBXNativeTarget;
			buildConfigurationList = F2E3387127955CA0006044E0 /* Build configuration list for PBXNativeTarget "fmfitness" */;
			buildPhases = (
				F2E3384927955C9F006044E0 /* Sources */,
				F2E3384A27955C9F006044E0 /* Frameworks */,
				F2E3384B27955C9F006044E0 /* Resources */,
			);
			buildRules = (
			);
			dependencies = (
			);
			name = fmfitness;
			packageProductDependencies = (
				F258191B27DD9D34000F74FA /* GoogleSignIn */,
				F258191E27DD9E32000F74FA /* FirebaseAnalytics */,
				F258192027DD9E32000F74FA /* FirebaseAuth */,
				F258192227DD9E32000F74FA /* FirebaseFirestore */,
				F2B03D5927DDE63000A1E04F /* Stripe */,
				F2B03D5B27DDE63000A1E04F /* StripeApplePay */,
			);
			productName = fmfitness;
			productReference = F2E3384D27955C9F006044E0 /* fmfitness.app */;
			productType = "com.apple.product-type.application";
		};
		F2E3385C27955CA0006044E0 /* fmfitnessTests */ = {
			isa = PBXNativeTarget;
			buildConfigurationList = F2E3387427955CA0006044E0 /* Build configuration list for PBXNativeTarget "fmfitnessTests" */;
			buildPhases = (
				F2E3385927955CA0006044E0 /* Sources */,
				F2E3385A27955CA0006044E0 /* Frameworks */,
				F2E3385B27955CA0006044E0 /* Resources */,
			);
			buildRules = (
			);
			dependencies = (
				F2E3385F27955CA0006044E0 /* PBXTargetDependency */,
			);
			name = fmfitnessTests;
			productName = fmfitnessTests;
			productReference = F2E3385D27955CA0006044E0 /* fmfitnessTests.xctest */;
			productType = "com.apple.product-type.bundle.unit-test";
		};
		F2E3386627955CA0006044E0 /* fmfitnessUITests */ = {
			isa = PBXNativeTarget;
			buildConfigurationList = F2E3387727955CA0006044E0 /* Build configuration list for PBXNativeTarget "fmfitnessUITests" */;
			buildPhases = (
				F2E3386327955CA0006044E0 /* Sources */,
				F2E3386427955CA0006044E0 /* Frameworks */,
				F2E3386527955CA0006044E0 /* Resources */,
			);
			buildRules = (
			);
			dependencies = (
				F2E3386927955CA0006044E0 /* PBXTargetDependency */,
			);
			name = fmfitnessUITests;
			productName = fmfitnessUITests;
			productReference = F2E3386727955CA0006044E0 /* fmfitnessUITests.xctest */;
			productType = "com.apple.product-type.bundle.ui-testing";
		};
/* End PBXNativeTarget section */

/* Begin PBXProject section */
		F2E3384527955C9F006044E0 /* Project object */ = {
			isa = PBXProject;
			attributes = {
				BuildIndependentTargetsInParallel = 1;
				KnownAssetTags = (
					New,
				);
				LastSwiftUpdateCheck = 1310;
				LastUpgradeCheck = 1320;
				TargetAttributes = {
					F2A80F9527C04A2200A1533C = {
						CreatedOnToolsVersion = 13.1;
						TestTargetID = F2E3384C27955C9F006044E0;
					};
					F2E3384C27955C9F006044E0 = {
						CreatedOnToolsVersion = 13.1;
					};
					F2E3385C27955CA0006044E0 = {
						CreatedOnToolsVersion = 13.1;
						TestTargetID = F2E3384C27955C9F006044E0;
					};
					F2E3386627955CA0006044E0 = {
						CreatedOnToolsVersion = 13.1;
						TestTargetID = F2E3384C27955C9F006044E0;
					};
				};
			};
			buildConfigurationList = F2E3384827955C9F006044E0 /* Build configuration list for PBXProject "fmfitness" */;
			compatibilityVersion = "Xcode 13.0";
			developmentRegion = en;
			hasScannedForEncodings = 0;
			knownRegions = (
				en,
				Base,
			);
			mainGroup = F2E3384427955C9F006044E0;
			packageReferences = (
				F258191A27DD9D33000F74FA /* XCRemoteSwiftPackageReference "GoogleSignIn-iOS" */,
				F258191D27DD9E32000F74FA /* XCRemoteSwiftPackageReference "firebase-ios-sdk" */,
				F2B03D5827DDE63000A1E04F /* XCRemoteSwiftPackageReference "stripe-ios" */,
			);
			productRefGroup = F2E3384E27955C9F006044E0 /* Products */;
			projectDirPath = "";
			projectRoot = "";
			targets = (
				F2E3384C27955C9F006044E0 /* fmfitness */,
				F2E3385C27955CA0006044E0 /* fmfitnessTests */,
				F2E3386627955CA0006044E0 /* fmfitnessUITests */,
				F2A80F9527C04A2200A1533C /* ProfileTests */,
			);
		};
/* End PBXProject section */

/* Begin PBXResourcesBuildPhase section */
		F2A80F9427C04A2200A1533C /* Resources */ = {
			isa = PBXResourcesBuildPhase;
			buildActionMask = 2147483647;
			files = (
			);
			runOnlyForDeploymentPostprocessing = 0;
		};
		F2E3384B27955C9F006044E0 /* Resources */ = {
			isa = PBXResourcesBuildPhase;
			buildActionMask = 2147483647;
			files = (
				F2E3385827955CA0006044E0 /* Preview Assets.xcassets in Resources */,
				F29CF8FC27E5BFF70089F934 /* OFL.txt in Resources */,
				F29CF90127E5C01E0089F934 /* BebasNeue-Regular.ttf in Resources */,
				F2E3385527955CA0006044E0 /* Assets.xcassets in Resources */,
				F29CF8FB27E5BFF70089F934 /* Rajdhani-Bold.ttf in Resources */,
				F29CF8F827E5BFF70089F934 /* Rajdhani-Medium.ttf in Resources */,
				F29CF8FA27E5BFF70089F934 /* Rajdhani-Light.ttf in Resources */,
				F29CF8FD27E5BFF70089F934 /* Rajdhani-Regular.ttf in Resources */,
				F29CF8F927E5BFF70089F934 /* Rajdhani-SemiBold.ttf in Resources */,
				F29642B927A69AE800E10FD7 /* GoogleService-Info.plist in Resources */,
			);
			runOnlyForDeploymentPostprocessing = 0;
		};
		F2E3385B27955CA0006044E0 /* Resources */ = {
			isa = PBXResourcesBuildPhase;
			buildActionMask = 2147483647;
			files = (
			);
			runOnlyForDeploymentPostprocessing = 0;
		};
		F2E3386527955CA0006044E0 /* Resources */ = {
			isa = PBXResourcesBuildPhase;
			buildActionMask = 2147483647;
			files = (
			);
			runOnlyForDeploymentPostprocessing = 0;
		};
/* End PBXResourcesBuildPhase section */

/* Begin PBXSourcesBuildPhase section */
		F2A80F9227C04A2200A1533C /* Sources */ = {
			isa = PBXSourcesBuildPhase;
			buildActionMask = 2147483647;
			files = (
			);
			runOnlyForDeploymentPostprocessing = 0;
		};
		F2E3384927955C9F006044E0 /* Sources */ = {
			isa = PBXSourcesBuildPhase;
			buildActionMask = 2147483647;
			files = (
				F2B03D5727DDE4E300A1E04F /* FirestorePay.swift in Sources */,
				F26DF7ED27A1B89E00AC0555 /* ProfileImageLoader.swift in Sources */,
				F286D3A627E01ACA00D9B3FB /* WelcomeView.swift in Sources */,
				F2F104F227981DAB0065A966 /* SignInPage.swift in Sources */,
				F2E3385327955C9F006044E0 /* HomeView.swift in Sources */,
				F2F104DF2797F0770065A966 /* ProfileHost.swift in Sources */,
				F2F105062798A69D0065A966 /* ContentView.swift in Sources */,
				F26DF7E727A1B29C00AC0555 /* GoogleSignInButtonWrapper.swift in Sources */,
				F2B03D5E27DDF10900A1E04F /* FirestorePayModel.swift in Sources */,
				F26DF7EB27A1B80900AC0555 /* ProfileImageView.swift in Sources */,
				F29642BC27AD216600E10FD7 /* FirestoreManager.swift in Sources */,
				F2D198FA27B65121007770A4 /* Animator.swift in Sources */,
				F26DF7E527A1B22F00AC0555 /* GoogleSignInAuthenticator.swift in Sources */,
				F2F10500279851830065A966 /* SignUpPage.swift in Sources */,
				F24C59BF27E738A100495E79 /* SignUpView.swift in Sources */,
				F271259E27CD2F9F002769D4 /* SchedulerView.swift in Sources */,
				F281D35227E492F200CB1444 /* WelcomePageEntry.swift in Sources */,
				F2F104E12797F09D0065A966 /* ProfileSummary.swift in Sources */,
				F2A15A2827A16DC20019B934 /* AppDelegate.swift in Sources */,
				F281D35027E3F32100CB1444 /* WelcomeTitle.swift in Sources */,
				F234168F27EDBB6D009F296D /* StripePay.swift in Sources */,
				F2F104E52798029D0065A966 /* ProfileEditor.swift in Sources */,
				F27125A027CDBBDD002769D4 /* SchedulerModel.swift in Sources */,
				F26DF7E927A1B36000AC0555 /* AuthenticationViewModel.swift in Sources */,
				F2E3385127955C9F006044E0 /* fmfitnessApp.swift in Sources */,
				F286D3A927E0203500D9B3FB /* WelcomePage.swift in Sources */,
				F286D33827E2E4530025BB9F /* Profile.swift in Sources */,
				F24C59BD27E7377900495E79 /* SignInView.swift in Sources */,
				F29642E127B2F50D00E10FD7 /* FirestoreLoader.swift in Sources */,
				F29CF8F027E5B7AB0089F934 /* MenuView.swift in Sources */,
				F2F104B82796B3B80065A966 /* CircleImage.swift in Sources */,
				F286D33B27E2E4530025BB9F /* Page.swift in Sources */,
				F2F104C92796B4D90065A966 /* CategoryHome.swift in Sources */,
			);
			runOnlyForDeploymentPostprocessing = 0;
		};
		F2E3385927955CA0006044E0 /* Sources */ = {
			isa = PBXSourcesBuildPhase;
			buildActionMask = 2147483647;
			files = (
				F2FC68C227C4B0B300570FE7 /* LoginTests.swift in Sources */,
				F2FC68C027C4B0A100570FE7 /* ProfileTests.swift in Sources */,
			);
			runOnlyForDeploymentPostprocessing = 0;
		};
		F2E3386327955CA0006044E0 /* Sources */ = {
			isa = PBXSourcesBuildPhase;
			buildActionMask = 2147483647;
			files = (
				F2E3386E27955CA0006044E0 /* fmfitnessUITestsLaunchTests.swift in Sources */,
				F2E3386C27955CA0006044E0 /* fmfitnessUITests.swift in Sources */,
			);
			runOnlyForDeploymentPostprocessing = 0;
		};
/* End PBXSourcesBuildPhase section */

/* Begin PBXTargetDependency section */
		F2A80F9B27C04A2200A1533C /* PBXTargetDependency */ = {
			isa = PBXTargetDependency;
			target = F2E3384C27955C9F006044E0 /* fmfitness */;
			targetProxy = F2A80F9A27C04A2200A1533C /* PBXContainerItemProxy */;
		};
		F2E3385F27955CA0006044E0 /* PBXTargetDependency */ = {
			isa = PBXTargetDependency;
			target = F2E3384C27955C9F006044E0 /* fmfitness */;
			targetProxy = F2E3385E27955CA0006044E0 /* PBXContainerItemProxy */;
		};
		F2E3386927955CA0006044E0 /* PBXTargetDependency */ = {
			isa = PBXTargetDependency;
			target = F2E3384C27955C9F006044E0 /* fmfitness */;
			targetProxy = F2E3386827955CA0006044E0 /* PBXContainerItemProxy */;
		};
/* End PBXTargetDependency section */

/* Begin XCBuildConfiguration section */
		F2A80F9C27C04A2200A1533C /* Debug */ = {
			isa = XCBuildConfiguration;
			buildSettings = {
				BUNDLE_LOADER = "$(TEST_HOST)";
				CODE_SIGN_STYLE = Automatic;
				CURRENT_PROJECT_VERSION = 1;
				DEVELOPMENT_TEAM = V9WYZ9CA46;
				GENERATE_INFOPLIST_FILE = YES;
				LD_RUNPATH_SEARCH_PATHS = (
					"$(inherited)",
					"@executable_path/Frameworks",
					"@loader_path/Frameworks",
				);
				MARKETING_VERSION = 1.0;
				PRODUCT_BUNDLE_IDENTIFIER = com.thetacderancode.ProfileTests;
				PRODUCT_NAME = "$(TARGET_NAME)";
				SWIFT_EMIT_LOC_STRINGS = NO;
				SWIFT_VERSION = 5.0;
				TARGETED_DEVICE_FAMILY = "1,2";
				TEST_HOST = "$(BUILT_PRODUCTS_DIR)/fmfitness.app/fmfitness";
			};
			name = Debug;
		};
		F2A80F9D27C04A2200A1533C /* Release */ = {
			isa = XCBuildConfiguration;
			buildSettings = {
				BUNDLE_LOADER = "$(TEST_HOST)";
				CODE_SIGN_STYLE = Automatic;
				CURRENT_PROJECT_VERSION = 1;
				DEVELOPMENT_TEAM = V9WYZ9CA46;
				GENERATE_INFOPLIST_FILE = YES;
				LD_RUNPATH_SEARCH_PATHS = (
					"$(inherited)",
					"@executable_path/Frameworks",
					"@loader_path/Frameworks",
				);
				MARKETING_VERSION = 1.0;
				PRODUCT_BUNDLE_IDENTIFIER = com.thetacderancode.ProfileTests;
				PRODUCT_NAME = "$(TARGET_NAME)";
				SWIFT_EMIT_LOC_STRINGS = NO;
				SWIFT_VERSION = 5.0;
				TARGETED_DEVICE_FAMILY = "1,2";
				TEST_HOST = "$(BUILT_PRODUCTS_DIR)/fmfitness.app/fmfitness";
			};
			name = Release;
		};
		F2E3386F27955CA0006044E0 /* Debug */ = {
			isa = XCBuildConfiguration;
			buildSettings = {
				ALWAYS_SEARCH_USER_PATHS = NO;
				ARCHS = "$(ARCHS_STANDARD)";
				CLANG_ANALYZER_NONNULL = YES;
				CLANG_ANALYZER_NUMBER_OBJECT_CONVERSION = YES_AGGRESSIVE;
				CLANG_CXX_LANGUAGE_STANDARD = "compiler-default";
				CLANG_CXX_LIBRARY = "compiler-default";
				CLANG_ENABLE_MODULES = YES;
				CLANG_ENABLE_OBJC_ARC = YES;
				CLANG_ENABLE_OBJC_WEAK = YES;
				CLANG_WARN_BLOCK_CAPTURE_AUTORELEASING = YES;
				CLANG_WARN_BOOL_CONVERSION = YES;
				CLANG_WARN_COMMA = YES;
				CLANG_WARN_CONSTANT_CONVERSION = YES;
				CLANG_WARN_DEPRECATED_OBJC_IMPLEMENTATIONS = YES;
				CLANG_WARN_DIRECT_OBJC_ISA_USAGE = YES_ERROR;
				CLANG_WARN_DOCUMENTATION_COMMENTS = YES;
				CLANG_WARN_EMPTY_BODY = YES;
				CLANG_WARN_ENUM_CONVERSION = YES;
				CLANG_WARN_INFINITE_RECURSION = YES;
				CLANG_WARN_INT_CONVERSION = YES;
				CLANG_WARN_NON_LITERAL_NULL_CONVERSION = YES;
				CLANG_WARN_OBJC_IMPLICIT_RETAIN_SELF = YES;
				CLANG_WARN_OBJC_LITERAL_CONVERSION = YES;
				CLANG_WARN_OBJC_ROOT_CLASS = YES_ERROR;
				CLANG_WARN_QUOTED_INCLUDE_IN_FRAMEWORK_HEADER = YES;
				CLANG_WARN_RANGE_LOOP_ANALYSIS = YES;
				CLANG_WARN_STRICT_PROTOTYPES = YES;
				CLANG_WARN_SUSPICIOUS_MOVE = YES;
				CLANG_WARN_UNGUARDED_AVAILABILITY = YES_AGGRESSIVE;
				CLANG_WARN_UNREACHABLE_CODE = YES;
				CLANG_WARN__DUPLICATE_METHOD_MATCH = YES;
				COPY_PHASE_STRIP = NO;
				DEBUG_INFORMATION_FORMAT = dwarf;
				ENABLE_STRICT_OBJC_MSGSEND = YES;
				ENABLE_TESTABILITY = YES;
				EXCLUDED_ARCHS = "";
				GCC_C_LANGUAGE_STANDARD = "compiler-default";
				GCC_DYNAMIC_NO_PIC = NO;
				GCC_NO_COMMON_BLOCKS = YES;
				GCC_OPTIMIZATION_LEVEL = 0;
				GCC_PREPROCESSOR_DEFINITIONS = (
					"DEBUG=1",
					"$(inherited)",
				);
				GCC_WARN_64_TO_32_BIT_CONVERSION = YES;
				GCC_WARN_ABOUT_RETURN_TYPE = YES_ERROR;
				GCC_WARN_UNDECLARED_SELECTOR = YES;
				GCC_WARN_UNINITIALIZED_AUTOS = YES_AGGRESSIVE;
				GCC_WARN_UNUSED_FUNCTION = YES;
				GCC_WARN_UNUSED_VARIABLE = YES;
				GENERATE_INFOPLIST_FILE = YES;
				GENERATE_PKGINFO_FILE = YES;
				INFOPLIST_FILE = fmfitness/Resources/Properties/Info.plist;
				INFOPLIST_OUTPUT_FORMAT = XML;
				INFOPLIST_PREPROCESS = YES;
				"INSTALL_PATH[sdk=*]" = "";
				IPHONEOS_DEPLOYMENT_TARGET = 15.0;
				MTL_ENABLE_DEBUG_INFO = INCLUDE_SOURCE;
				MTL_FAST_MATH = YES;
				ONLY_ACTIVE_ARCH = YES;
				PLIST_FILE_OUTPUT_FORMAT = XML;
				PRODUCT_BUNDLE_IDENTIFIER = com.thetacderancode.fmfitness;
				PRODUCT_NAME = fmfitness;
				SDKROOT = iphoneos;
				STRINGS_FILE_OUTPUT_ENCODING = "UTF-8";
				SUPPORTED_PLATFORMS = "iphonesimulator iphoneos";
				SWIFT_ACTIVE_COMPILATION_CONDITIONS = DEBUG;
				SWIFT_OPTIMIZATION_LEVEL = "-Onone";
				SWIFT_VERSION = 5.0;
				TARGETED_DEVICE_FAMILY = "1,2";
			};
			name = Debug;
		};
		F2E3387027955CA0006044E0 /* Release */ = {
			isa = XCBuildConfiguration;
			buildSettings = {
				ALWAYS_SEARCH_USER_PATHS = NO;
				ARCHS = "$(ARCHS_STANDARD)";
				CLANG_ANALYZER_NONNULL = YES;
				CLANG_ANALYZER_NUMBER_OBJECT_CONVERSION = YES_AGGRESSIVE;
				CLANG_CXX_LANGUAGE_STANDARD = "compiler-default";
				CLANG_CXX_LIBRARY = "compiler-default";
				CLANG_ENABLE_MODULES = YES;
				CLANG_ENABLE_OBJC_ARC = YES;
				CLANG_ENABLE_OBJC_WEAK = YES;
				CLANG_WARN_BLOCK_CAPTURE_AUTORELEASING = YES;
				CLANG_WARN_BOOL_CONVERSION = YES;
				CLANG_WARN_COMMA = YES;
				CLANG_WARN_CONSTANT_CONVERSION = YES;
				CLANG_WARN_DEPRECATED_OBJC_IMPLEMENTATIONS = YES;
				CLANG_WARN_DIRECT_OBJC_ISA_USAGE = YES_ERROR;
				CLANG_WARN_DOCUMENTATION_COMMENTS = YES;
				CLANG_WARN_EMPTY_BODY = YES;
				CLANG_WARN_ENUM_CONVERSION = YES;
				CLANG_WARN_INFINITE_RECURSION = YES;
				CLANG_WARN_INT_CONVERSION = YES;
				CLANG_WARN_NON_LITERAL_NULL_CONVERSION = YES;
				CLANG_WARN_OBJC_IMPLICIT_RETAIN_SELF = YES;
				CLANG_WARN_OBJC_LITERAL_CONVERSION = YES;
				CLANG_WARN_OBJC_ROOT_CLASS = YES_ERROR;
				CLANG_WARN_QUOTED_INCLUDE_IN_FRAMEWORK_HEADER = YES;
				CLANG_WARN_RANGE_LOOP_ANALYSIS = YES;
				CLANG_WARN_STRICT_PROTOTYPES = YES;
				CLANG_WARN_SUSPICIOUS_MOVE = YES;
				CLANG_WARN_UNGUARDED_AVAILABILITY = YES_AGGRESSIVE;
				CLANG_WARN_UNREACHABLE_CODE = YES;
				CLANG_WARN__DUPLICATE_METHOD_MATCH = YES;
				COPY_PHASE_STRIP = NO;
				DEBUG_INFORMATION_FORMAT = "dwarf-with-dsym";
				ENABLE_NS_ASSERTIONS = NO;
				ENABLE_STRICT_OBJC_MSGSEND = YES;
				EXCLUDED_ARCHS = "";
				GCC_C_LANGUAGE_STANDARD = "compiler-default";
				GCC_NO_COMMON_BLOCKS = YES;
				GCC_WARN_64_TO_32_BIT_CONVERSION = YES;
				GCC_WARN_ABOUT_RETURN_TYPE = YES_ERROR;
				GCC_WARN_UNDECLARED_SELECTOR = YES;
				GCC_WARN_UNINITIALIZED_AUTOS = YES_AGGRESSIVE;
				GCC_WARN_UNUSED_FUNCTION = YES;
				GCC_WARN_UNUSED_VARIABLE = YES;
				GENERATE_INFOPLIST_FILE = YES;
				GENERATE_PKGINFO_FILE = YES;
				INFOPLIST_FILE = fmfitness/Resources/Properties/Info.plist;
				INFOPLIST_OUTPUT_FORMAT = XML;
				INFOPLIST_PREPROCESS = YES;
				IPHONEOS_DEPLOYMENT_TARGET = 15.0;
				MTL_ENABLE_DEBUG_INFO = NO;
				MTL_FAST_MATH = YES;
				ONLY_ACTIVE_ARCH = YES;
				PLIST_FILE_OUTPUT_FORMAT = XML;
				PRODUCT_BUNDLE_IDENTIFIER = com.thetacderancode.fmfitness;
				PRODUCT_NAME = fmfitness;
				SDKROOT = iphoneos;
				STRINGS_FILE_OUTPUT_ENCODING = "UTF-8";
				SUPPORTED_PLATFORMS = "iphonesimulator iphoneos";
				SWIFT_COMPILATION_MODE = wholemodule;
				SWIFT_OPTIMIZATION_LEVEL = "-O";
				SWIFT_VERSION = 5.0;
				TARGETED_DEVICE_FAMILY = "1,2";
				VALIDATE_PRODUCT = YES;
			};
			name = Release;
		};
		F2E3387227955CA0006044E0 /* Debug */ = {
			isa = XCBuildConfiguration;
			buildSettings = {
				ASSETCATALOG_COMPILER_APPICON_NAME = AppIcon;
				ASSETCATALOG_COMPILER_GLOBAL_ACCENT_COLOR_NAME = AccentColor;
				ASSETCATALOG_COMPILER_INCLUDE_ALL_APPICON_ASSETS = YES;
				CODE_SIGN_STYLE = Automatic;
				CURRENT_PROJECT_VERSION = 1;
				DEVELOPMENT_ASSET_PATHS = "\"fmfitness/Preview Content\"";
				DEVELOPMENT_TEAM = V9WYZ9CA46;
				ENABLE_PREVIEWS = YES;
				GENERATE_INFOPLIST_FILE = YES;
				INFOPLIST_FILE = fmfitness/Resources/Properties/Info.plist;
				INFOPLIST_KEY_CFBundleDisplayName = fmfitness;
				INFOPLIST_KEY_NSMainNibFile = iPhone;
				INFOPLIST_KEY_UIApplicationSceneManifest_Generation = YES;
				INFOPLIST_KEY_UIApplicationSupportsIndirectInputEvents = YES;
				INFOPLIST_KEY_UIRequiresFullScreen = YES;
				INFOPLIST_KEY_UISupportedInterfaceOrientations = "UIInterfaceOrientationPortrait UIInterfaceOrientationPortraitUpsideDown UIInterfaceOrientationLandscapeLeft UIInterfaceOrientationLandscapeRight";
				INFOPLIST_KEY_UISupportedInterfaceOrientations_iPad = "UIInterfaceOrientationPortrait UIInterfaceOrientationPortraitUpsideDown UIInterfaceOrientationLandscapeLeft UIInterfaceOrientationLandscapeRight";
				INFOPLIST_KEY_UISupportedInterfaceOrientations_iPhone = UIInterfaceOrientationPortrait;
				LD_RUNPATH_SEARCH_PATHS = (
					"$(inherited)",
					"@executable_path/Frameworks",
				);
				MARKETING_VERSION = 1.0;
				PRODUCT_BUNDLE_IDENTIFIER = com.thetacderancode.fmfitness;
				PRODUCT_NAME = fmfitness;
				SWIFT_EMIT_LOC_STRINGS = YES;
				SWIFT_VERSION = 5.0;
				TARGETED_DEVICE_FAMILY = "1,2";
			};
			name = Debug;
		};
		F2E3387327955CA0006044E0 /* Release */ = {
			isa = XCBuildConfiguration;
			buildSettings = {
				ASSETCATALOG_COMPILER_APPICON_NAME = AppIcon;
				ASSETCATALOG_COMPILER_GLOBAL_ACCENT_COLOR_NAME = AccentColor;
				ASSETCATALOG_COMPILER_INCLUDE_ALL_APPICON_ASSETS = YES;
				CODE_SIGN_STYLE = Automatic;
				CURRENT_PROJECT_VERSION = 1;
				DEVELOPMENT_ASSET_PATHS = "\"fmfitness/Preview Content\"";
				DEVELOPMENT_TEAM = V9WYZ9CA46;
				ENABLE_PREVIEWS = YES;
				GENERATE_INFOPLIST_FILE = YES;
				INFOPLIST_FILE = fmfitness/Resources/Properties/Info.plist;
				INFOPLIST_KEY_CFBundleDisplayName = fmfitness;
				INFOPLIST_KEY_NSMainNibFile = iPhone;
				INFOPLIST_KEY_UIApplicationSceneManifest_Generation = YES;
				INFOPLIST_KEY_UIApplicationSupportsIndirectInputEvents = YES;
				INFOPLIST_KEY_UIRequiresFullScreen = YES;
				INFOPLIST_KEY_UISupportedInterfaceOrientations = "UIInterfaceOrientationPortrait UIInterfaceOrientationPortraitUpsideDown UIInterfaceOrientationLandscapeLeft UIInterfaceOrientationLandscapeRight";
				INFOPLIST_KEY_UISupportedInterfaceOrientations_iPad = "UIInterfaceOrientationPortrait UIInterfaceOrientationPortraitUpsideDown UIInterfaceOrientationLandscapeLeft UIInterfaceOrientationLandscapeRight";
				INFOPLIST_KEY_UISupportedInterfaceOrientations_iPhone = UIInterfaceOrientationPortrait;
				LD_RUNPATH_SEARCH_PATHS = (
					"$(inherited)",
					"@executable_path/Frameworks",
				);
				MARKETING_VERSION = 1.0;
				PRODUCT_BUNDLE_IDENTIFIER = com.thetacderancode.fmfitness;
				PRODUCT_NAME = fmfitness;
				SWIFT_EMIT_LOC_STRINGS = YES;
				SWIFT_VERSION = 5.0;
				TARGETED_DEVICE_FAMILY = "1,2";
			};
			name = Release;
		};
		F2E3387527955CA0006044E0 /* Debug */ = {
			isa = XCBuildConfiguration;
			buildSettings = {
				ALWAYS_EMBED_SWIFT_STANDARD_LIBRARIES = YES;
				BUNDLE_LOADER = "$(TEST_HOST)";
				CODE_SIGN_STYLE = Automatic;
				CURRENT_PROJECT_VERSION = 1;
				DEVELOPMENT_TEAM = V9WYZ9CA46;
				GENERATE_INFOPLIST_FILE = YES;
				IPHONEOS_DEPLOYMENT_TARGET = 15.0;
				LD_RUNPATH_SEARCH_PATHS = (
					"$(inherited)",
					"@executable_path/Frameworks",
					"@loader_path/Frameworks",
				);
				MARKETING_VERSION = 1.0;
				PRODUCT_BUNDLE_IDENTIFIER = com.thetacderancode.fmfitnessTests;
				PRODUCT_NAME = "$(TARGET_NAME)";
				SWIFT_EMIT_LOC_STRINGS = NO;
				SWIFT_VERSION = 5.0;
				TARGETED_DEVICE_FAMILY = "1,2";
				TEST_HOST = "$(BUILT_PRODUCTS_DIR)/fmfitness.app/fmfitness";
			};
			name = Debug;
		};
		F2E3387627955CA0006044E0 /* Release */ = {
			isa = XCBuildConfiguration;
			buildSettings = {
				ALWAYS_EMBED_SWIFT_STANDARD_LIBRARIES = YES;
				BUNDLE_LOADER = "$(TEST_HOST)";
				CODE_SIGN_STYLE = Automatic;
				CURRENT_PROJECT_VERSION = 1;
				DEVELOPMENT_TEAM = V9WYZ9CA46;
				GENERATE_INFOPLIST_FILE = YES;
				IPHONEOS_DEPLOYMENT_TARGET = 15.0;
				LD_RUNPATH_SEARCH_PATHS = (
					"$(inherited)",
					"@executable_path/Frameworks",
					"@loader_path/Frameworks",
				);
				MARKETING_VERSION = 1.0;
				PRODUCT_BUNDLE_IDENTIFIER = com.thetacderancode.fmfitnessTests;
				PRODUCT_NAME = "$(TARGET_NAME)";
				SWIFT_EMIT_LOC_STRINGS = NO;
				SWIFT_VERSION = 5.0;
				TARGETED_DEVICE_FAMILY = "1,2";
				TEST_HOST = "$(BUILT_PRODUCTS_DIR)/fmfitness.app/fmfitness";
			};
			name = Release;
		};
		F2E3387827955CA0006044E0 /* Debug */ = {
			isa = XCBuildConfiguration;
			buildSettings = {
				ALWAYS_EMBED_SWIFT_STANDARD_LIBRARIES = YES;
				CODE_SIGN_STYLE = Automatic;
				CURRENT_PROJECT_VERSION = 1;
				DEVELOPMENT_TEAM = V9WYZ9CA46;
				GENERATE_INFOPLIST_FILE = YES;
				LD_RUNPATH_SEARCH_PATHS = (
					"$(inherited)",
					"@executable_path/Frameworks",
					"@loader_path/Frameworks",
				);
				MARKETING_VERSION = 1.0;
				PRODUCT_BUNDLE_IDENTIFIER = com.thetacderancode.fmfitnessUITests;
				PRODUCT_NAME = "$(TARGET_NAME)";
				SWIFT_EMIT_LOC_STRINGS = NO;
				SWIFT_VERSION = 5.0;
				TARGETED_DEVICE_FAMILY = "1,2";
				TEST_TARGET_NAME = fmfitness;
			};
			name = Debug;
		};
		F2E3387927955CA0006044E0 /* Release */ = {
			isa = XCBuildConfiguration;
			buildSettings = {
				ALWAYS_EMBED_SWIFT_STANDARD_LIBRARIES = YES;
				CODE_SIGN_STYLE = Automatic;
				CURRENT_PROJECT_VERSION = 1;
				DEVELOPMENT_TEAM = V9WYZ9CA46;
				GENERATE_INFOPLIST_FILE = YES;
				LD_RUNPATH_SEARCH_PATHS = (
					"$(inherited)",
					"@executable_path/Frameworks",
					"@loader_path/Frameworks",
				);
				MARKETING_VERSION = 1.0;
				PRODUCT_BUNDLE_IDENTIFIER = com.thetacderancode.fmfitnessUITests;
				PRODUCT_NAME = "$(TARGET_NAME)";
				SWIFT_EMIT_LOC_STRINGS = NO;
				SWIFT_VERSION = 5.0;
				TARGETED_DEVICE_FAMILY = "1,2";
				TEST_TARGET_NAME = fmfitness;
			};
			name = Release;
		};
/* End XCBuildConfiguration section */

/* Begin XCConfigurationList section */
		F2A80F9E27C04A2200A1533C /* Build configuration list for PBXNativeTarget "ProfileTests" */ = {
			isa = XCConfigurationList;
			buildConfigurations = (
				F2A80F9C27C04A2200A1533C /* Debug */,
				F2A80F9D27C04A2200A1533C /* Release */,
			);
			defaultConfigurationIsVisible = 0;
			defaultConfigurationName = Release;
		};
		F2E3384827955C9F006044E0 /* Build configuration list for PBXProject "fmfitness" */ = {
			isa = XCConfigurationList;
			buildConfigurations = (
				F2E3386F27955CA0006044E0 /* Debug */,
				F2E3387027955CA0006044E0 /* Release */,
			);
			defaultConfigurationIsVisible = 0;
			defaultConfigurationName = Release;
		};
		F2E3387127955CA0006044E0 /* Build configuration list for PBXNativeTarget "fmfitness" */ = {
			isa = XCConfigurationList;
			buildConfigurations = (
				F2E3387227955CA0006044E0 /* Debug */,
				F2E3387327955CA0006044E0 /* Release */,
			);
			defaultConfigurationIsVisible = 0;
			defaultConfigurationName = Release;
		};
		F2E3387427955CA0006044E0 /* Build configuration list for PBXNativeTarget "fmfitnessTests" */ = {
			isa = XCConfigurationList;
			buildConfigurations = (
				F2E3387527955CA0006044E0 /* Debug */,
				F2E3387627955CA0006044E0 /* Release */,
			);
			defaultConfigurationIsVisible = 0;
			defaultConfigurationName = Release;
		};
		F2E3387727955CA0006044E0 /* Build configuration list for PBXNativeTarget "fmfitnessUITests" */ = {
			isa = XCConfigurationList;
			buildConfigurations = (
				F2E3387827955CA0006044E0 /* Debug */,
				F2E3387927955CA0006044E0 /* Release */,
			);
			defaultConfigurationIsVisible = 0;
			defaultConfigurationName = Release;
		};
/* End XCConfigurationList section */

/* Begin XCRemoteSwiftPackageReference section */
		F258191A27DD9D33000F74FA /* XCRemoteSwiftPackageReference "GoogleSignIn-iOS" */ = {
			isa = XCRemoteSwiftPackageReference;
			repositoryURL = "https://github.com/google/GoogleSignIn-iOS";
			requirement = {
				kind = upToNextMajorVersion;
				minimumVersion = 6.0.0;
			};
		};
		F258191D27DD9E32000F74FA /* XCRemoteSwiftPackageReference "firebase-ios-sdk" */ = {
			isa = XCRemoteSwiftPackageReference;
			repositoryURL = "https://github.com/firebase/firebase-ios-sdk";
			requirement = {
				kind = upToNextMajorVersion;
				minimumVersion = 8.0.0;
			};
		};
		F2B03D5827DDE63000A1E04F /* XCRemoteSwiftPackageReference "stripe-ios" */ = {
			isa = XCRemoteSwiftPackageReference;
			repositoryURL = "https://github.com/stripe/stripe-ios";
			requirement = {
				kind = exactVersion;
				version = 21.12.0;
			};
		};
/* End XCRemoteSwiftPackageReference section */

/* Begin XCSwiftPackageProductDependency section */
		F258191B27DD9D34000F74FA /* GoogleSignIn */ = {
			isa = XCSwiftPackageProductDependency;
			package = F258191A27DD9D33000F74FA /* XCRemoteSwiftPackageReference "GoogleSignIn-iOS" */;
			productName = GoogleSignIn;
		};
		F258191E27DD9E32000F74FA /* FirebaseAnalytics */ = {
			isa = XCSwiftPackageProductDependency;
			package = F258191D27DD9E32000F74FA /* XCRemoteSwiftPackageReference "firebase-ios-sdk" */;
			productName = FirebaseAnalytics;
		};
		F258192027DD9E32000F74FA /* FirebaseAuth */ = {
			isa = XCSwiftPackageProductDependency;
			package = F258191D27DD9E32000F74FA /* XCRemoteSwiftPackageReference "firebase-ios-sdk" */;
			productName = FirebaseAuth;
		};
		F258192227DD9E32000F74FA /* FirebaseFirestore */ = {
			isa = XCSwiftPackageProductDependency;
			package = F258191D27DD9E32000F74FA /* XCRemoteSwiftPackageReference "firebase-ios-sdk" */;
			productName = FirebaseFirestore;
		};
		F2B03D5927DDE63000A1E04F /* Stripe */ = {
			isa = XCSwiftPackageProductDependency;
			package = F2B03D5827DDE63000A1E04F /* XCRemoteSwiftPackageReference "stripe-ios" */;
			productName = Stripe;
		};
		F2B03D5B27DDE63000A1E04F /* StripeApplePay */ = {
			isa = XCSwiftPackageProductDependency;
			package = F2B03D5827DDE63000A1E04F /* XCRemoteSwiftPackageReference "stripe-ios" */;
			productName = StripeApplePay;
		};
/* End XCSwiftPackageProductDependency section */
	};
	rootObject = F2E3384527955C9F006044E0 /* Project object */;
}
